
Microsoft Visual Studio Solution File, Format Version 12.00
# Visual Studio Version 17
VisualStudioVersion = 17.0.31903.59
MinimumVisualStudioVersion = 10.0.40219.1
Project("{2150E333-8FDC-42A3-9474-1A3956D46DE8}") = "src", "src", "{827E0CD3-B72D-47B6-A68D-7590B98EB39B}"
EndProject
Project("{FAE04EC0-301F-11D3-BF4B-00C04F79EFBC}") = "CadastreInvent.Shared", "src\CadastreInvent.Shared\CadastreInvent.Shared.csproj", "{FF4F15BA-3C73-44F5-938C-1D356E50B34F}"
EndProject
Project("{FAE04EC0-301F-11D3-BF4B-00C04F79EFBC}") = "CadastreInvent.Registry.Domain", "src\CadastreInvent.Registry.Domain\CadastreInvent.Registry.Domain.csproj", "{75B5195C-FE37-47FA-BC52-F4DA0724E5B1}"
EndProject
Project("{FAE04EC0-301F-11D3-BF4B-00C04F79EFBC}") = "CadastreInvent.Registry.Application", "src\CadastreInvent.Registry.Application\CadastreInvent.Registry.Application.csproj", "{8CE1F5A6-1862-4397-BFD9-CCCC31A7DD9A}"
EndProject
Project("{FAE04EC0-301F-11D3-BF4B-00C04F79EFBC}") = "CadastreInvent.Valuation.Domain", "src\CadastreInvent.Valuation.Domain\CadastreInvent.Valuation.Domain.csproj", "{6CBD7FF4-215A-4060-A5D6-57E325A01457}"
EndProject
Project("{FAE04EC0-301F-11D3-BF4B-00C04F79EFBC}") = "CadastreInvent.Valuation.Application", "src\CadastreInvent.Valuation.Application\CadastreInvent.Valuation.Application.csproj", "{F178E5C8-1627-472D-8605-822CA132F0B4}"
EndProject
Project("{FAE04EC0-301F-11D3-BF4B-00C04F79EFBC}") = "CadastreInvent.Api", "src\CadastreInvent.Api\CadastreInvent.Api.csproj", "{B35820EF-2C1B-47AB-9D4D-9E4BC93A2AC6}"
EndProject
Project("{2150E333-8FDC-42A3-9474-1A3956D46DE8}") = "tests", "tests", "{0AB3BF05-4346-4AA6-1389-037BE0695223}"
EndProject
Project("{FAE04EC0-301F-11D3-BF4B-00C04F79EFBC}") = "CadastreInvent.Registry.Tests", "tests\CadastreInvent.Registry.Tests\CadastreInvent.Registry.Tests.csproj", "{6B603751-4F4D-44E8-9F82-44F73F0DF898}"
EndProject
Project("{FAE04EC0-301F-11D3-BF4B-00C04F79EFBC}") = "CadastreInvent.Valuation.Tests", "tests\CadastreInvent.Valuation.Tests\CadastreInvent.Valuation.Tests.csproj", "{118904BA-B6F9-42A4-9D69-CBD97C78C3A6}"
EndProject
Project("{FAE04EC0-301F-11D3-BF4B-00C04F79EFBC}") = "CadastreInvent.Inspection.Domain", "src\CadastreInvent.Inspection.Domain\CadastreInvent.Inspection.Domain.csproj", "{5B61B113-05D5-413C-81CD-D5263F74FE3B}"
EndProject
Project("{FAE04EC0-301F-11D3-BF4B-00C04F79EFBC}") = "CadastreInvent.Inspection.Application", "src\CadastreInvent.Inspection.Application\CadastreInvent.Inspection.Application.csproj", "{1B049201-061F-48AF-AC09-F4E084BC91B3}"
EndProject
Project("{FAE04EC0-301F-11D3-BF4B-00C04F79EFBC}") = "CadastreInvent.Inspection.Tests", "tests\CadastreInvent.Inspection.Tests\CadastreInvent.Inspection.Tests.csproj", "{99C1D98D-BAE7-49AE-8BE3-E210AC44FB68}"
EndProject
Project("{FAE04EC0-301F-11D3-BF4B-00C04F79EFBC}") = "CadastreInvent.Infrastructure", "src\CadastreInvent.Infrastructure\CadastreInvent.Infrastructure.csproj", "{AA5AF3C0-99EC-4CDB-A3AA-FB97530398CF}"
EndProject
Global
	GlobalSection(SolutionConfigurationPlatforms) = preSolution
		Debug|Any CPU = Debug|Any CPU
		Debug|x64 = Debug|x64
		Debug|x86 = Debug|x86
		Release|Any CPU = Release|Any CPU
		Release|x64 = Release|x64
		Release|x86 = Release|x86
	EndGlobalSection
	GlobalSection(ProjectConfigurationPlatforms) = postSolution
		{FF4F15BA-3C73-44F5-938C-1D356E50B34F}.Debug|Any CPU.ActiveCfg = Debug|Any CPU
		{FF4F15BA-3C73-44F5-938C-1D356E50B34F}.Debug|Any CPU.Build.0 = Debug|Any CPU
		{FF4F15BA-3C73-44F5-938C-1D356E50B34F}.Debug|x64.ActiveCfg = Debug|Any CPU
		{FF4F15BA-3C73-44F5-938C-1D356E50B34F}.Debug|x64.Build.0 = Debug|Any CPU
		{FF4F15BA-3C73-44F5-938C-1D356E50B34F}.Debug|x86.ActiveCfg = Debug|Any CPU
		{FF4F15BA-3C73-44F5-938C-1D356E50B34F}.Debug|x86.Build.0 = Debug|Any CPU
		{FF4F15BA-3C73-44F5-938C-1D356E50B34F}.Release|Any CPU.ActiveCfg = Release|Any CPU
		{FF4F15BA-3C73-44F5-938C-1D356E50B34F}.Release|Any CPU.Build.0 = Release|Any CPU
		{FF4F15BA-3C73-44F5-938C-1D356E50B34F}.Release|x64.ActiveCfg = Release|Any CPU
		{FF4F15BA-3C73-44F5-938C-1D356E50B34F}.Release|x64.Build.0 = Release|Any CPU
		{FF4F15BA-3C73-44F5-938C-1D356E50B34F}.Release|x86.ActiveCfg = Release|Any CPU
		{FF4F15BA-3C73-44F5-938C-1D356E50B34F}.Release|x86.Build.0 = Release|Any CPU
		{75B5195C-FE37-47FA-BC52-F4DA0724E5B1}.Debug|Any CPU.ActiveCfg = Debug|Any CPU
		{75B5195C-FE37-47FA-BC52-F4DA0724E5B1}.Debug|Any CPU.Build.0 = Debug|Any CPU
		{75B5195C-FE37-47FA-BC52-F4DA0724E5B1}.Debug|x64.ActiveCfg = Debug|Any CPU
		{75B5195C-FE37-47FA-BC52-F4DA0724E5B1}.Debug|x64.Build.0 = Debug|Any CPU
		{75B5195C-FE37-47FA-BC52-F4DA0724E5B1}.Debug|x86.ActiveCfg = Debug|Any CPU
		{75B5195C-FE37-47FA-BC52-F4DA0724E5B1}.Debug|x86.Build.0 = Debug|Any CPU
		{75B5195C-FE37-47FA-BC52-F4DA0724E5B1}.Release|Any CPU.ActiveCfg = Release|Any CPU
		{75B5195C-FE37-47FA-BC52-F4DA0724E5B1}.Release|Any CPU.Build.0 = Release|Any CPU
		{75B5195C-FE37-47FA-BC52-F4DA0724E5B1}.Release|x64.ActiveCfg = Release|Any CPU
		{75B5195C-FE37-47FA-BC52-F4DA0724E5B1}.Release|x64.Build.0 = Release|Any CPU
		{75B5195C-FE37-47FA-BC52-F4DA0724E5B1}.Release|x86.ActiveCfg = Release|Any CPU
		{75B5195C-FE37-47FA-BC52-F4DA0724E5B1}.Release|x86.Build.0 = Release|Any CPU
		{8CE1F5A6-1862-4397-BFD9-CCCC31A7DD9A}.Debug|Any CPU.ActiveCfg = Debug|Any CPU
		{8CE1F5A6-1862-4397-BFD9-CCCC31A7DD9A}.Debug|Any CPU.Build.0 = Debug|Any CPU
		{8CE1F5A6-1862-4397-BFD9-CCCC31A7DD9A}.Debug|x64.ActiveCfg = Debug|Any CPU
		{8CE1F5A6-1862-4397-BFD9-CCCC31A7DD9A}.Debug|x64.Build.0 = Debug|Any CPU
		{8CE1F5A6-1862-4397-BFD9-CCCC31A7DD9A}.Debug|x86.ActiveCfg = Debug|Any CPU
		{8CE1F5A6-1862-4397-BFD9-CCCC31A7DD9A}.Debug|x86.Build.0 = Debug|Any CPU
		{8CE1F5A6-1862-4397-BFD9-CCCC31A7DD9A}.Release|Any CPU.ActiveCfg = Release|Any CPU
		{8CE1F5A6-1862-4397-BFD9-CCCC31A7DD9A}.Release|Any CPU.Build.0 = Release|Any CPU
		{8CE1F5A6-1862-4397-BFD9-CCCC31A7DD9A}.Release|x64.ActiveCfg = Release|Any CPU
		{8CE1F5A6-1862-4397-BFD9-CCCC31A7DD9A}.Release|x64.Build.0 = Release|Any CPU
		{8CE1F5A6-1862-4397-BFD9-CCCC31A7DD9A}.Release|x86.ActiveCfg = Release|Any CPU
		{8CE1F5A6-1862-4397-BFD9-CCCC31A7DD9A}.Release|x86.Build.0 = Release|Any CPU
		{6CBD7FF4-215A-4060-A5D6-57E325A01457}.Debug|Any CPU.ActiveCfg = Debug|Any CPU
		{6CBD7FF4-215A-4060-A5D6-57E325A01457}.Debug|Any CPU.Build.0 = Debug|Any CPU
		{6CBD7FF4-215A-4060-A5D6-57E325A01457}.Debug|x64.ActiveCfg = Debug|Any CPU
		{6CBD7FF4-215A-4060-A5D6-57E325A01457}.Debug|x64.Build.0 = Debug|Any CPU
		{6CBD7FF4-215A-4060-A5D6-57E325A01457}.Debug|x86.ActiveCfg = Debug|Any CPU
		{6CBD7FF4-215A-4060-A5D6-57E325A01457}.Debug|x86.Build.0 = Debug|Any CPU
		{6CBD7FF4-215A-4060-A5D6-57E325A01457}.Release|Any CPU.ActiveCfg = Release|Any CPU
		{6CBD7FF4-215A-4060-A5D6-57E325A01457}.Release|Any CPU.Build.0 = Release|Any CPU
		{6CBD7FF4-215A-4060-A5D6-57E325A01457}.Release|x64.ActiveCfg = Release|Any CPU
		{6CBD7FF4-215A-4060-A5D6-57E325A01457}.Release|x64.Build.0 = Release|Any CPU
		{6CBD7FF4-215A-4060-A5D6-57E325A01457}.Release|x86.ActiveCfg = Release|Any CPU
		{6CBD7FF4-215A-4060-A5D6-57E325A01457}.Release|x86.Build.0 = Release|Any CPU
		{F178E5C8-1627-472D-8605-822CA132F0B4}.Debug|Any CPU.ActiveCfg = Debug|Any CPU
		{F178E5C8-1627-472D-8605-822CA132F0B4}.Debug|Any CPU.Build.0 = Debug|Any CPU
		{F178E5C8-1627-472D-8605-822CA132F0B4}.Debug|x64.ActiveCfg = Debug|Any CPU
		{F178E5C8-1627-472D-8605-822CA132F0B4}.Debug|x64.Build.0 = Debug|Any CPU
		{F178E5C8-1627-472D-8605-822CA132F0B4}.Debug|x86.ActiveCfg = Debug|Any CPU
		{F178E5C8-1627-472D-8605-822CA132F0B4}.Debug|x86.Build.0 = Debug|Any CPU
		{F178E5C8-1627-472D-8605-822CA132F0B4}.Release|Any CPU.ActiveCfg = Release|Any CPU
		{F178E5C8-1627-472D-8605-822CA132F0B4}.Release|Any CPU.Build.0 = Release|Any CPU
		{F178E5C8-1627-472D-8605-822CA132F0B4}.Release|x64.ActiveCfg = Release|Any CPU
		{F178E5C8-1627-472D-8605-822CA132F0B4}.Release|x64.Build.0 = Release|Any CPU
		{F178E5C8-1627-472D-8605-822CA132F0B4}.Release|x86.ActiveCfg = Release|Any CPU
		{F178E5C8-1627-472D-8605-822CA132F0B4}.Release|x86.Build.0 = Release|Any CPU
		{B35820EF-2C1B-47AB-9D4D-9E4BC93A2AC6}.Debug|Any CPU.ActiveCfg = Debug|Any CPU
		{B35820EF-2C1B-47AB-9D4D-9E4BC93A2AC6}.Debug|Any CPU.Build.0 = Debug|Any CPU
		{B35820EF-2C1B-47AB-9D4D-9E4BC93A2AC6}.Debug|x64.ActiveCfg = Debug|Any CPU
		{B35820EF-2C1B-47AB-9D4D-9E4BC93A2AC6}.Debug|x64.Build.0 = Debug|Any CPU
		{B35820EF-2C1B-47AB-9D4D-9E4BC93A2AC6}.Debug|x86.ActiveCfg = Debug|Any CPU
		{B35820EF-2C1B-47AB-9D4D-9E4BC93A2AC6}.Debug|x86.Build.0 = Debug|Any CPU
		{B35820EF-2C1B-47AB-9D4D-9E4BC93A2AC6}.Release|Any CPU.ActiveCfg = Release|Any CPU
		{B35820EF-2C1B-47AB-9D4D-9E4BC93A2AC6}.Release|Any CPU.Build.0 = Release|Any CPU
		{B35820EF-2C1B-47AB-9D4D-9E4BC93A2AC6}.Release|x64.ActiveCfg = Release|Any CPU
		{B35820EF-2C1B-47AB-9D4D-9E4BC93A2AC6}.Release|x64.Build.0 = Release|Any CPU
		{B35820EF-2C1B-47AB-9D4D-9E4BC93A2AC6}.Release|x86.ActiveCfg = Release|Any CPU
		{B35820EF-2C1B-47AB-9D4D-9E4BC93A2AC6}.Release|x86.Build.0 = Release|Any CPU
		{6B603751-4F4D-44E8-9F82-44F73F0DF898}.Debug|Any CPU.ActiveCfg = Debug|Any CPU
		{6B603751-4F4D-44E8-9F82-44F73F0DF898}.Debug|Any CPU.Build.0 = Debug|Any CPU
		{6B603751-4F4D-44E8-9F82-44F73F0DF898}.Debug|x64.ActiveCfg = Debug|Any CPU
		{6B603751-4F4D-44E8-9F82-44F73F0DF898}.Debug|x64.Build.0 = Debug|Any CPU
		{6B603751-4F4D-44E8-9F82-44F73F0DF898}.Debug|x86.ActiveCfg = Debug|Any CPU
		{6B603751-4F4D-44E8-9F82-44F73F0DF898}.Debug|x86.Build.0 = Debug|Any CPU
		{6B603751-4F4D-44E8-9F82-44F73F0DF898}.Release|Any CPU.ActiveCfg = Release|Any CPU
		{6B603751-4F4D-44E8-9F82-44F73F0DF898}.Release|Any CPU.Build.0 = Release|Any CPU
		{6B603751-4F4D-44E8-9F82-44F73F0DF898}.Release|x64.ActiveCfg = Release|Any CPU
		{6B603751-4F4D-44E8-9F82-44F73F0DF898}.Release|x64.Build.0 = Release|Any CPU
		{6B603751-4F4D-44E8-9F82-44F73F0DF898}.Release|x86.ActiveCfg = Release|Any CPU
		{6B603751-4F4D-44E8-9F82-44F73F0DF898}.Release|x86.Build.0 = Release|Any CPU
		{118904BA-B6F9-42A4-9D69-CBD97C78C3A6}.Debug|Any CPU.ActiveCfg = Debug|Any CPU
		{118904BA-B6F9-42A4-9D69-CBD97C78C3A6}.Debug|Any CPU.Build.0 = Debug|Any CPU
		{118904BA-B6F9-42A4-9D69-CBD97C78C3A6}.Debug|x64.ActiveCfg = Debug|Any CPU
		{118904BA-B6F9-42A4-9D69-CBD97C78C3A6}.Debug|x64.Build.0 = Debug|Any CPU
		{118904BA-B6F9-42A4-9D69-CBD97C78C3A6}.Debug|x86.ActiveCfg = Debug|Any CPU
		{118904BA-B6F9-42A4-9D69-CBD97C78C3A6}.Debug|x86.Build.0 = Debug|Any CPU
		{118904BA-B6F9-42A4-9D69-CBD97C78C3A6}.Release|Any CPU.ActiveCfg = Release|Any CPU
		{118904BA-B6F9-42A4-9D69-CBD97C78C3A6}.Release|Any CPU.Build.0 = Release|Any CPU
		{118904BA-B6F9-42A4-9D69-CBD97C78C3A6}.Release|x64.ActiveCfg = Release|Any CPU
		{118904BA-B6F9-42A4-9D69-CBD97C78C3A6}.Release|x64.Build.0 = Release|Any CPU
		{118904BA-B6F9-42A4-9D69-CBD97C78C3A6}.Release|x86.ActiveCfg = Release|Any CPU
		{118904BA-B6F9-42A4-9D69-CBD97C78C3A6}.Release|x86.Build.0 = Release|Any CPU
		{5B61B113-05D5-413C-81CD-D5263F74FE3B}.Debug|Any CPU.ActiveCfg = Debug|Any CPU
		{5B61B113-05D5-413C-81CD-D5263F74FE3B}.Debug|Any CPU.Build.0 = Debug|Any CPU
		{5B61B113-05D5-413C-81CD-D5263F74FE3B}.Debug|x64.ActiveCfg = Debug|Any CPU
		{5B61B113-05D5-413C-81CD-D5263F74FE3B}.Debug|x64.Build.0 = Debug|Any CPU
		{5B61B113-05D5-413C-81CD-D5263F74FE3B}.Debug|x86.ActiveCfg = Debug|Any CPU
		{5B61B113-05D5-413C-81CD-D5263F74FE3B}.Debug|x86.Build.0 = Debug|Any CPU
		{5B61B113-05D5-413C-81CD-D5263F74FE3B}.Release|Any CPU.ActiveCfg = Release|Any CPU
		{5B61B113-05D5-413C-81CD-D5263F74FE3B}.Release|Any CPU.Build.0 = Release|Any CPU
		{5B61B113-05D5-413C-81CD-D5263F74FE3B}.Release|x64.ActiveCfg = Release|Any CPU
		{5B61B113-05D5-413C-81CD-D5263F74FE3B}.Release|x64.Build.0 = Release|Any CPU
		{5B61B113-05D5-413C-81CD-D5263F74FE3B}.Release|x86.ActiveCfg = Release|Any CPU
		{5B61B113-05D5-413C-81CD-D5263F74FE3B}.Release|x86.Build.0 = Release|Any CPU
		{1B049201-061F-48AF-AC09-F4E084BC91B3}.Debug|Any CPU.ActiveCfg = Debug|Any CPU
		{1B049201-061F-48AF-AC09-F4E084BC91B3}.Debug|Any CPU.Build.0 = Debug|Any CPU
		{1B049201-061F-48AF-AC09-F4E084BC91B3}.Debug|x64.ActiveCfg = Debug|Any CPU
		{1B049201-061F-48AF-AC09-F4E084BC91B3}.Debug|x64.Build.0 = Debug|Any CPU
		{1B049201-061F-48AF-AC09-F4E084BC91B3}.Debug|x86.ActiveCfg = Debug|Any CPU
		{1B049201-061F-48AF-AC09-F4E084BC91B3}.Debug|x86.Build.0 = Debug|Any CPU
		{1B049201-061F-48AF-AC09-F4E084BC91B3}.Release|Any CPU.ActiveCfg = Release|Any CPU
		{1B049201-061F-48AF-AC09-F4E084BC91B3}.Release|Any CPU.Build.0 = Release|Any CPU
		{1B049201-061F-48AF-AC09-F4E084BC91B3}.Release|x64.ActiveCfg = Release|Any CPU
		{1B049201-061F-48AF-AC09-F4E084BC91B3}.Release|x64.Build.0 = Release|Any CPU
		{1B049201-061F-48AF-AC09-F4E084BC91B3}.Release|x86.ActiveCfg = Release|Any CPU
		{1B049201-061F-48AF-AC09-F4E084BC91B3}.Release|x86.Build.0 = Release|Any CPU
		{99C1D98D-BAE7-49AE-8BE3-E210AC44FB68}.Debug|Any CPU.ActiveCfg = Debug|Any CPU
		{99C1D98D-BAE7-49AE-8BE3-E210AC44FB68}.Debug|Any CPU.Build.0 = Debug|Any CPU
		{99C1D98D-BAE7-49AE-8BE3-E210AC44FB68}.Debug|x64.ActiveCfg = Debug|Any CPU
		{99C1D98D-BAE7-49AE-8BE3-E210AC44FB68}.Debug|x64.Build.0 = Debug|Any CPU
		{99C1D98D-BAE7-49AE-8BE3-E210AC44FB68}.Debug|x86.ActiveCfg = Debug|Any CPU
		{99C1D98D-BAE7-49AE-8BE3-E210AC44FB68}.Debug|x86.Build.0 = Debug|Any CPU
		{99C1D98D-BAE7-49AE-8BE3-E210AC44FB68}.Release|Any CPU.ActiveCfg = Release|Any CPU
		{99C1D98D-BAE7-49AE-8BE3-E210AC44FB68}.Release|Any CPU.Build.0 = Release|Any CPU
		{99C1D98D-BAE7-49AE-8BE3-E210AC44FB68}.Release|x64.ActiveCfg = Release|Any CPU
		{99C1D98D-BAE7-49AE-8BE3-E210AC44FB68}.Release|x64.Build.0 = Release|Any CPU
		{99C1D98D-BAE7-49AE-8BE3-E210AC44FB68}.Release|x86.ActiveCfg = Release|Any CPU
		{99C1D98D-BAE7-49AE-8BE3-E210AC44FB68}.Release|x86.Build.0 = Release|Any CPU
		{AA5AF3C0-99EC-4CDB-A3AA-FB97530398CF}.Debug|Any CPU.ActiveCfg = Debug|Any CPU
		{AA5AF3C0-99EC-4CDB-A3AA-FB97530398CF}.Debug|Any CPU.Build.0 = Debug|Any CPU
		{AA5AF3C0-99EC-4CDB-A3AA-FB97530398CF}.Debug|x64.ActiveCfg = Debug|Any CPU
		{AA5AF3C0-99EC-4CDB-A3AA-FB97530398CF}.Debug|x64.Build.0 = Debug|Any CPU
		{AA5AF3C0-99EC-4CDB-A3AA-FB97530398CF}.Debug|x86.ActiveCfg = Debug|Any CPU
		{AA5AF3C0-99EC-4CDB-A3AA-FB97530398CF}.Debug|x86.Build.0 = Debug|Any CPU
		{AA5AF3C0-99EC-4CDB-A3AA-FB97530398CF}.Release|Any CPU.ActiveCfg = Release|Any CPU
		{AA5AF3C0-99EC-4CDB-A3AA-FB97530398CF}.Release|Any CPU.Build.0 = Release|Any CPU
		{AA5AF3C0-99EC-4CDB-A3AA-FB97530398CF}.Release|x64.ActiveCfg = Release|Any CPU
		{AA5AF3C0-99EC-4CDB-A3AA-FB97530398CF}.Release|x64.Build.0 = Release|Any CPU
		{AA5AF3C0-99EC-4CDB-A3AA-FB97530398CF}.Release|x86.ActiveCfg = Release|Any CPU
		{AA5AF3C0-99EC-4CDB-A3AA-FB97530398CF}.Release|x86.Build.0 = Release|Any CPU
	EndGlobalSection
	GlobalSection(SolutionProperties) = preSolution
		HideSolutionNode = FALSE
	EndGlobalSection
	GlobalSection(NestedProjects) = preSolution
		{FF4F15BA-3C73-44F5-938C-1D356E50B34F} = {827E0CD3-B72D-47B6-A68D-7590B98EB39B}
		{75B5195C-FE37-47FA-BC52-F4DA0724E5B1} = {827E0CD3-B72D-47B6-A68D-7590B98EB39B}
		{8CE1F5A6-1862-4397-BFD9-CCCC31A7DD9A} = {827E0CD3-B72D-47B6-A68D-7590B98EB39B}
		{6CBD7FF4-215A-4060-A5D6-57E325A01457} = {827E0CD3-B72D-47B6-A68D-7590B98EB39B}
		{F178E5C8-1627-472D-8605-822CA132F0B4} = {827E0CD3-B72D-47B6-A68D-7590B98EB39B}
		{B35820EF-2C1B-47AB-9D4D-9E4BC93A2AC6} = {827E0CD3-B72D-47B6-A68D-7590B98EB39B}
		{6B603751-4F4D-44E8-9F82-44F73F0DF898} = {0AB3BF05-4346-4AA6-1389-037BE0695223}
		{118904BA-B6F9-42A4-9D69-CBD97C78C3A6} = {0AB3BF05-4346-4AA6-1389-037BE0695223}
		{5B61B113-05D5-413C-81CD-D5263F74FE3B} = {827E0CD3-B72D-47B6-A68D-7590B98EB39B}
		{1B049201-061F-48AF-AC09-F4E084BC91B3} = {827E0CD3-B72D-47B6-A68D-7590B98EB39B}
		{99C1D98D-BAE7-49AE-8BE3-E210AC44FB68} = {0AB3BF05-4346-4AA6-1389-037BE0695223}
		{AA5AF3C0-99EC-4CDB-A3AA-FB97530398CF} = {827E0CD3-B72D-47B6-A68D-7590B98EB39B}
	EndGlobalSection
	GlobalSection(ExtensibilityGlobals) = postSolution
		SolutionGuid = {7062669E-8A06-404B-BED0-2BAF285E1A3E}
	EndGlobalSection
EndGlobal
